
Microsoft Visual Studio Solution File, Format Version 12.00
# Visual Studio 15
Project("{FAE04EC0-301F-11D3-BF4B-00C04F79EFBC}") = "ParticleLive", "ParticleLive.csproj", "{3C451CA1-F9E3-9254-6D81-22DF240E722C}"
EndProject
Project("{FAE04EC0-301F-11D3-BF4B-00C04F79EFBC}") = "ParticleLive.Editor", "ParticleLive.Editor.csproj", "{ECD348E9-2C67-C4C2-80CA-4B8CE997D82D}"
EndProject
Global
	GlobalSection(SolutionConfigurationPlatforms) = preSolution
		Debug|Any CPU = Debug|Any CPU
		Release|Any CPU = Release|Any CPU
	EndGlobalSection
	GlobalSection(ProjectConfigurationPlatforms) = postSolution
		{3C451CA1-F9E3-9254-6D81-22DF240E722C}.Debug|Any CPU.ActiveCfg = Debug|Any CPU
		{3C451CA1-F9E3-9254-6D81-22DF240E722C}.Debug|Any CPU.Build.0 = Debug|Any CPU
		{3C451CA1-F9E3-9254-6D81-22DF240E722C}.Release|Any CPU.ActiveCfg = Release|Any CPU
		{3C451CA1-F9E3-9254-6D81-22DF240E722C}.Release|Any CPU.Build.0 = Release|Any CPU
		{ECD348E9-2C67-C4C2-80CA-4B8CE997D82D}.Debug|Any CPU.ActiveCfg = Debug|Any CPU
		{ECD348E9-2C67-C4C2-80CA-4B8CE997D82D}.Debug|Any CPU.Build.0 = Debug|Any CPU
		{ECD348E9-2C67-C4C2-80CA-4B8CE997D82D}.Release|Any CPU.ActiveCfg = Release|Any CPU
		{ECD348E9-2C67-C4C2-80CA-4B8CE997D82D}.Release|Any CPU.Build.0 = Release|Any CPU
	EndGlobalSection
	GlobalSection(SolutionProperties) = preSolution
		HideSolutionNode = FALSE
	EndGlobalSection
EndGlobal
